<Solution>
  <Project Path="SharpClaw.ModuleSDK/SharpClaw.ModuleSDK.csproj" />
  <Project Path="SharpClaw.ModuleSDK.HostOperations/SharpClaw.ModuleSDK.HostOperations.csproj" />
  <Project Path="SharpClaw.ModuleSDK.Tests/SharpClaw.ModuleSDK.Tests.csproj" />
  <Project Path="SharpClaw.ModuleSDK.Testing/SharpClaw.ModuleSDK.Testing.csproj" />
  <Project Path="SharpClaw.ModuleSDK.Testing.Tests/SharpClaw.ModuleSDK.Testing.Tests.csproj" />
  <Project Path="SharpClaw.SidecarHost.OutOfProcess/SharpClaw.SidecarHost.OutOfProcess.csproj" />
  <Project Path="SharpClaw.SidecarHost.OutOfProcess.TestRegistration/SharpClaw.SidecarHost.OutOfProcess.TestRegistration.csproj" />
  <Project Path="SharpClaw.SidecarHost.OutOfProcess.Tests/SharpClaw.SidecarHost.OutOfProcess.Tests.csproj" />
  <Project Path="SharpClaw.SidecarHost.InProcess/SharpClaw.SidecarHost.InProcess.csproj" />
  <Project Path="SharpClaw.SidecarHost.InProcess.Tests/SharpClaw.SidecarHost.InProcess.Tests.csproj" />
  <Folder Name="/Solution Items/">
    <File Path="Directory.Build.props" />
    <File Path="global.json" />
    <File Path="LICENSE.md" />
    <File Path="README.md" />
  </Folder>
</Solution>
